
Microsoft Visual Studio Solution File, Format Version 12.00
# Visual Studio Version 16
VisualStudioVersion = 16.0.30717.126
MinimumVisualStudioVersion = 10.0.40219.1
Project("{FAE04EC0-301F-11D3-BF4B-00C04F79EFBC}") = "LSCallouts", "LSCallouts.csproj", "{0A6243FB-8078-4F4F-B18C-84DDEA00BD9B}"
EndProject
Global
	GlobalSection(SolutionConfigurationPlatforms) = preSolution
		Debug|Any CPU = Debug|Any CPU
		Release|Any CPU = Release|Any CPU
	EndGlobalSection
	GlobalSection(ProjectConfigurationPlatforms) = postSolution
		{0A6243FB-8078-4F4F-B18C-84DDEA00BD9B}.Debug|Any CPU.ActiveCfg = Debug|Any CPU
		{0A6243FB-8078-4F4F-B18C-84DDEA00BD9B}.Debug|Any CPU.Build.0 = Debug|Any CPU
		{0A6243FB-8078-4F4F-B18C-84DDEA00BD9B}.Release|Any CPU.ActiveCfg = Release|Any CPU
		{0A6243FB-8078-4F4F-B18C-84DDEA00BD9B}.Release|Any CPU.Build.0 = Release|Any CPU
	EndGlobalSection
	GlobalSection(SolutionProperties) = preSolution
		HideSolutionNode = FALSE
	EndGlobalSection
	GlobalSection(ExtensibilityGlobals) = postSolution
		SolutionGuid = {B6D6553C-19BB-4006-87A0-14AF9BFB6C1D}
	EndGlobalSection
EndGlobal
